
Microsoft Visual Studio Solution File, Format Version 12.00
# Visual Studio Version 16
VisualStudioVersion = 16.0.30002.166
MinimumVisualStudioVersion = 10.0.40219.1
Project("{9A19103F-16F7-4668-BE54-9A1E7A4F7556}") = "Proj_3_Github_Test", "Proj_3_Github_Test.csproj", "{0014A1B9-2B8A-46B8-91AF-3A97EA9034B1}"
EndProject
Global
	GlobalSection(SolutionConfigurationPlatforms) = preSolution
		Debug|Any CPU = Debug|Any CPU
		Release|Any CPU = Release|Any CPU
	EndGlobalSection
	GlobalSection(ProjectConfigurationPlatforms) = postSolution
		{0014A1B9-2B8A-46B8-91AF-3A97EA9034B1}.Debug|Any CPU.ActiveCfg = Debug|Any CPU
		{0014A1B9-2B8A-46B8-91AF-3A97EA9034B1}.Debug|Any CPU.Build.0 = Debug|Any CPU
		{0014A1B9-2B8A-46B8-91AF-3A97EA9034B1}.Release|Any CPU.ActiveCfg = Release|Any CPU
		{0014A1B9-2B8A-46B8-91AF-3A97EA9034B1}.Release|Any CPU.Build.0 = Release|Any CPU
	EndGlobalSection
	GlobalSection(SolutionProperties) = preSolution
		HideSolutionNode = FALSE
	EndGlobalSection
	GlobalSection(ExtensibilityGlobals) = postSolution
		SolutionGuid = {6E899071-30ED-4C40-B1DC-4B51A1694E93}
	EndGlobalSection
EndGlobal
